
Microsoft Visual Studio Solution File, Format Version 11.00
# Visual Studio 2010
Project("{8BC9CEB8-8B4A-11D0-8D11-00A0C91BC942}") = "GoogleHelper", "GoogleHelper\GoogleHelper.vcxproj", "{320C7903-3B68-4610-8F5A-DC214953C06E}"
EndProject
Project("{8BC9CEB8-8B4A-11D0-8D11-00A0C91BC942}") = "Utility", "Utility\Utility.vcxproj", "{D2930A6F-4A67-4DEF-B092-E75AA2D00141}"
EndProject
Project("{8BC9CEB8-8B4A-11D0-8D11-00A0C91BC942}") = "GoogleHelperAgent", "GoogleHelperAgent\GoogleHelperAgent.vcxproj", "{0A86E5A2-121B-4D57-B51E-7C578B048333}"
EndProject
Global
	GlobalSection(SolutionConfigurationPlatforms) = preSolution
		Debug|Win32 = Debug|Win32
		Debug|x64 = Debug|x64
		Release|Win32 = Release|Win32
		Release|x64 = Release|x64
	EndGlobalSection
	GlobalSection(ProjectConfigurationPlatforms) = postSolution
		{320C7903-3B68-4610-8F5A-DC214953C06E}.Debug|Win32.ActiveCfg = Debug|Win32
		{320C7903-3B68-4610-8F5A-DC214953C06E}.Debug|Win32.Build.0 = Debug|Win32
		{320C7903-3B68-4610-8F5A-DC214953C06E}.Debug|x64.ActiveCfg = Debug|x64
		{320C7903-3B68-4610-8F5A-DC214953C06E}.Debug|x64.Build.0 = Debug|x64
		{320C7903-3B68-4610-8F5A-DC214953C06E}.Release|Win32.ActiveCfg = Release|Win32
		{320C7903-3B68-4610-8F5A-DC214953C06E}.Release|Win32.Build.0 = Release|Win32
		{320C7903-3B68-4610-8F5A-DC214953C06E}.Release|x64.ActiveCfg = Release|x64
		{320C7903-3B68-4610-8F5A-DC214953C06E}.Release|x64.Build.0 = Release|x64
		{D2930A6F-4A67-4DEF-B092-E75AA2D00141}.Debug|Win32.ActiveCfg = Debug|Win32
		{D2930A6F-4A67-4DEF-B092-E75AA2D00141}.Debug|Win32.Build.0 = Debug|Win32
		{D2930A6F-4A67-4DEF-B092-E75AA2D00141}.Debug|x64.ActiveCfg = Debug|x64
		{D2930A6F-4A67-4DEF-B092-E75AA2D00141}.Debug|x64.Build.0 = Debug|x64
		{D2930A6F-4A67-4DEF-B092-E75AA2D00141}.Release|Win32.ActiveCfg = Release|Win32
		{D2930A6F-4A67-4DEF-B092-E75AA2D00141}.Release|Win32.Build.0 = Release|Win32
		{D2930A6F-4A67-4DEF-B092-E75AA2D00141}.Release|x64.ActiveCfg = Release|x64
		{D2930A6F-4A67-4DEF-B092-E75AA2D00141}.Release|x64.Build.0 = Release|x64
		{0A86E5A2-121B-4D57-B51E-7C578B048333}.Debug|Win32.ActiveCfg = Debug|Win32
		{0A86E5A2-121B-4D57-B51E-7C578B048333}.Debug|Win32.Build.0 = Debug|Win32
		{0A86E5A2-121B-4D57-B51E-7C578B048333}.Debug|x64.ActiveCfg = Debug|x64
		{0A86E5A2-121B-4D57-B51E-7C578B048333}.Debug|x64.Build.0 = Debug|x64
		{0A86E5A2-121B-4D57-B51E-7C578B048333}.Release|Win32.ActiveCfg = Release|Win32
		{0A86E5A2-121B-4D57-B51E-7C578B048333}.Release|Win32.Build.0 = Release|Win32
		{0A86E5A2-121B-4D57-B51E-7C578B048333}.Release|x64.ActiveCfg = Release|x64
		{0A86E5A2-121B-4D57-B51E-7C578B048333}.Release|x64.Build.0 = Release|x64
	EndGlobalSection
	GlobalSection(SolutionProperties) = preSolution
		HideSolutionNode = FALSE
	EndGlobalSection
EndGlobal
